
Microsoft Visual Studio Solution File, Format Version 12.00
# Visual Studio Version 17
VisualStudioVersion = 17.9.34728.123
MinimumVisualStudioVersion = 10.0.40219.1
Project("{9A19103F-16F7-4668-BE54-9A1E7A4F7556}") = "InternetPoint", "InternetPoint.csproj", "{95F37999-3F5E-469E-907A-0E3743D87D6A}"
EndProject
Global
	GlobalSection(SolutionConfigurationPlatforms) = preSolution
		Debug|Any CPU = Debug|Any CPU
		Release|Any CPU = Release|Any CPU
	EndGlobalSection
	GlobalSection(ProjectConfigurationPlatforms) = postSolution
		{95F37999-3F5E-469E-907A-0E3743D87D6A}.Debug|Any CPU.ActiveCfg = Debug|Any CPU
		{95F37999-3F5E-469E-907A-0E3743D87D6A}.Debug|Any CPU.Build.0 = Debug|Any CPU
		{95F37999-3F5E-469E-907A-0E3743D87D6A}.Release|Any CPU.ActiveCfg = Release|Any CPU
		{95F37999-3F5E-469E-907A-0E3743D87D6A}.Release|Any CPU.Build.0 = Release|Any CPU
	EndGlobalSection
	GlobalSection(SolutionProperties) = preSolution
		HideSolutionNode = FALSE
	EndGlobalSection
	GlobalSection(ExtensibilityGlobals) = postSolution
		SolutionGuid = {599A36D1-363F-4A90-88A3-A97ACFDF78D7}
	EndGlobalSection
EndGlobal
